
Microsoft Visual Studio Solution File, Format Version 12.00
# Visual Studio Version 17
VisualStudioVersion = 17.11.35222.181
MinimumVisualStudioVersion = 10.0.40219.1
Project("{FAE04EC0-301F-11D3-BF4B-00C04F79EFBC}") = "dynamicUssdProject", "dynamicUssdProject\dynamicUssdProject.csproj", "{BA1544C8-CEA3-48DE-B2B4-A5BAC3FF0357}"
EndProject
Global
	GlobalSection(SolutionConfigurationPlatforms) = preSolution
		Debug|Any CPU = Debug|Any CPU
		Release|Any CPU = Release|Any CPU
	EndGlobalSection
	GlobalSection(ProjectConfigurationPlatforms) = postSolution
		{BA1544C8-CEA3-48DE-B2B4-A5BAC3FF0357}.Debug|Any CPU.ActiveCfg = Debug|Any CPU
		{BA1544C8-CEA3-48DE-B2B4-A5BAC3FF0357}.Debug|Any CPU.Build.0 = Debug|Any CPU
		{BA1544C8-CEA3-48DE-B2B4-A5BAC3FF0357}.Release|Any CPU.ActiveCfg = Release|Any CPU
		{BA1544C8-CEA3-48DE-B2B4-A5BAC3FF0357}.Release|Any CPU.Build.0 = Release|Any CPU
	EndGlobalSection
	GlobalSection(SolutionProperties) = preSolution
		HideSolutionNode = FALSE
	EndGlobalSection
	GlobalSection(ExtensibilityGlobals) = postSolution
		SolutionGuid = {0D3DAE28-11B9-4897-AAFA-30CD60039217}
	EndGlobalSection
EndGlobal
